
Microsoft Visual Studio Solution File, Format Version 12.00
# Visual Studio Version 17
VisualStudioVersion = 17.6.33815.320
MinimumVisualStudioVersion = 10.0.40219.1
Project("{9A19103F-16F7-4668-BE54-9A1E7A4F7556}") = "NWave", "NWave\NWave.csproj", "{640D30F3-B564-416E-A530-98ADF46DC4D0}"
EndProject
Project("{9A19103F-16F7-4668-BE54-9A1E7A4F7556}") = "NWave.Server", "NWave.Server\NWave.Server.csproj", "{FD383648-F34F-4042-A5F7-7C3091CD9652}"
EndProject
Project("{9A19103F-16F7-4668-BE54-9A1E7A4F7556}") = "NWave.Lib", "NWave.Lib\NWave.Lib.csproj", "{F0F55600-1485-49E4-B8E2-AA33442E6F7C}"
EndProject
Project("{2150E333-8FDC-42A3-9474-1A3956D46DE8}") = "Solution Items", "Solution Items", "{2D62D21F-EA40-4AC6-BD55-F9E0AAAFE8BF}"
	ProjectSection(SolutionItems) = preProject
		NWave.Py\main.py = NWave.Py\main.py
	EndProjectSection
EndProject
Project("{9A19103F-16F7-4668-BE54-9A1E7A4F7556}") = "NWave.ServerR", "NWave.ServerR\NWave.ServerR.csproj", "{D804E2C3-12D9-41A5-8D9E-C949714A3497}"
EndProject
Global
	GlobalSection(SolutionConfigurationPlatforms) = preSolution
		Debug|Any CPU = Debug|Any CPU
		Release|Any CPU = Release|Any CPU
	EndGlobalSection
	GlobalSection(ProjectConfigurationPlatforms) = postSolution
		{640D30F3-B564-416E-A530-98ADF46DC4D0}.Debug|Any CPU.ActiveCfg = Debug|Any CPU
		{640D30F3-B564-416E-A530-98ADF46DC4D0}.Debug|Any CPU.Build.0 = Debug|Any CPU
		{640D30F3-B564-416E-A530-98ADF46DC4D0}.Release|Any CPU.ActiveCfg = Release|Any CPU
		{640D30F3-B564-416E-A530-98ADF46DC4D0}.Release|Any CPU.Build.0 = Release|Any CPU
		{FD383648-F34F-4042-A5F7-7C3091CD9652}.Debug|Any CPU.ActiveCfg = Debug|Any CPU
		{FD383648-F34F-4042-A5F7-7C3091CD9652}.Debug|Any CPU.Build.0 = Debug|Any CPU
		{FD383648-F34F-4042-A5F7-7C3091CD9652}.Release|Any CPU.ActiveCfg = Release|Any CPU
		{FD383648-F34F-4042-A5F7-7C3091CD9652}.Release|Any CPU.Build.0 = Release|Any CPU
		{F0F55600-1485-49E4-B8E2-AA33442E6F7C}.Debug|Any CPU.ActiveCfg = Debug|Any CPU
		{F0F55600-1485-49E4-B8E2-AA33442E6F7C}.Debug|Any CPU.Build.0 = Debug|Any CPU
		{F0F55600-1485-49E4-B8E2-AA33442E6F7C}.Release|Any CPU.ActiveCfg = Release|Any CPU
		{F0F55600-1485-49E4-B8E2-AA33442E6F7C}.Release|Any CPU.Build.0 = Release|Any CPU
		{D804E2C3-12D9-41A5-8D9E-C949714A3497}.Debug|Any CPU.ActiveCfg = Debug|Any CPU
		{D804E2C3-12D9-41A5-8D9E-C949714A3497}.Debug|Any CPU.Build.0 = Debug|Any CPU
		{D804E2C3-12D9-41A5-8D9E-C949714A3497}.Release|Any CPU.ActiveCfg = Release|Any CPU
		{D804E2C3-12D9-41A5-8D9E-C949714A3497}.Release|Any CPU.Build.0 = Release|Any CPU
	EndGlobalSection
	GlobalSection(SolutionProperties) = preSolution
		HideSolutionNode = FALSE
	EndGlobalSection
	GlobalSection(ExtensibilityGlobals) = postSolution
		SolutionGuid = {12A2DCB7-3FF0-4E6F-84A9-FE5F7ADCCC9A}
	EndGlobalSection
EndGlobal
