
Microsoft Visual Studio Solution File, Format Version 12.00
# Visual Studio Version 17
VisualStudioVersion = 17.6.33815.320
MinimumVisualStudioVersion = 10.0.40219.1
Project("{9A19103F-16F7-4668-BE54-9A1E7A4F7556}") = "NWave", "NWave\NWave.csproj", "{640D30F3-B564-416E-A530-98ADF46DC4D0}"
EndProject
Project("{9A19103F-16F7-4668-BE54-9A1E7A4F7556}") = "NWave.Server", "NWave.Server\NWave.Server.csproj", "{FD383648-F34F-4042-A5F7-7C3091CD9652}"
EndProject
Project("{9A19103F-16F7-4668-BE54-9A1E7A4F7556}") = "NWave.UI", "NWave.UI\NWave.UI.csproj", "{F424091D-15C5-4280-A19F-C10C5A742B29}"
EndProject
Project("{9A19103F-16F7-4668-BE54-9A1E7A4F7556}") = "NWave.Lib", "NWave.Lib\NWave.Lib.csproj", "{F0F55600-1485-49E4-B8E2-AA33442E6F7C}"
EndProject
Project("{FAE04EC0-301F-11D3-BF4B-00C04F79EFBC}") = "NWave.ServerX", "NWave.ServerX\NWave.ServerX.csproj", "{4B6BB65E-4B07-4AD8-AAD3-2D992A3C6387}"
EndProject
Global
	GlobalSection(SolutionConfigurationPlatforms) = preSolution
		Debug|Any CPU = Debug|Any CPU
		Release|Any CPU = Release|Any CPU
	EndGlobalSection
	GlobalSection(ProjectConfigurationPlatforms) = postSolution
		{640D30F3-B564-416E-A530-98ADF46DC4D0}.Debug|Any CPU.ActiveCfg = Debug|Any CPU
		{640D30F3-B564-416E-A530-98ADF46DC4D0}.Debug|Any CPU.Build.0 = Debug|Any CPU
		{640D30F3-B564-416E-A530-98ADF46DC4D0}.Release|Any CPU.ActiveCfg = Release|Any CPU
		{640D30F3-B564-416E-A530-98ADF46DC4D0}.Release|Any CPU.Build.0 = Release|Any CPU
		{FD383648-F34F-4042-A5F7-7C3091CD9652}.Debug|Any CPU.ActiveCfg = Debug|Any CPU
		{FD383648-F34F-4042-A5F7-7C3091CD9652}.Debug|Any CPU.Build.0 = Debug|Any CPU
		{FD383648-F34F-4042-A5F7-7C3091CD9652}.Release|Any CPU.ActiveCfg = Release|Any CPU
		{FD383648-F34F-4042-A5F7-7C3091CD9652}.Release|Any CPU.Build.0 = Release|Any CPU
		{F424091D-15C5-4280-A19F-C10C5A742B29}.Debug|Any CPU.ActiveCfg = Debug|Any CPU
		{F424091D-15C5-4280-A19F-C10C5A742B29}.Debug|Any CPU.Build.0 = Debug|Any CPU
		{F424091D-15C5-4280-A19F-C10C5A742B29}.Release|Any CPU.ActiveCfg = Release|Any CPU
		{F424091D-15C5-4280-A19F-C10C5A742B29}.Release|Any CPU.Build.0 = Release|Any CPU
		{F0F55600-1485-49E4-B8E2-AA33442E6F7C}.Debug|Any CPU.ActiveCfg = Debug|Any CPU
		{F0F55600-1485-49E4-B8E2-AA33442E6F7C}.Debug|Any CPU.Build.0 = Debug|Any CPU
		{F0F55600-1485-49E4-B8E2-AA33442E6F7C}.Release|Any CPU.ActiveCfg = Release|Any CPU
		{F0F55600-1485-49E4-B8E2-AA33442E6F7C}.Release|Any CPU.Build.0 = Release|Any CPU
		{4B6BB65E-4B07-4AD8-AAD3-2D992A3C6387}.Debug|Any CPU.ActiveCfg = Debug|Any CPU
		{4B6BB65E-4B07-4AD8-AAD3-2D992A3C6387}.Debug|Any CPU.Build.0 = Debug|Any CPU
		{4B6BB65E-4B07-4AD8-AAD3-2D992A3C6387}.Release|Any CPU.ActiveCfg = Release|Any CPU
		{4B6BB65E-4B07-4AD8-AAD3-2D992A3C6387}.Release|Any CPU.Build.0 = Release|Any CPU
	EndGlobalSection
	GlobalSection(SolutionProperties) = preSolution
		HideSolutionNode = FALSE
	EndGlobalSection
	GlobalSection(ExtensibilityGlobals) = postSolution
		SolutionGuid = {12A2DCB7-3FF0-4E6F-84A9-FE5F7ADCCC9A}
	EndGlobalSection
EndGlobal
